// !$*UTF8*$!
{
	archiveVersion = 1;
	classes = {
	};
	objectVersion = 46;
	objects = {

/* Begin PBXBuildFile section */
		54780C2E1DC5335E00DA265F /* AddressDetailViewController.swift in Sources */ = {isa = PBXBuildFile; fileRef = 54780C2D1DC5335E00DA265F /* AddressDetailViewController.swift */; };
		54C16C441DBFBBFB0017D8DB /* AppDelegate.swift in Sources */ = {isa = PBXBuildFile; fileRef = 54C16C431DBFBBFB0017D8DB /* AppDelegate.swift */; };
		54C16C461DBFBBFB0017D8DB /* HomeViewController.swift in Sources */ = {isa = PBXBuildFile; fileRef = 54C16C451DBFBBFB0017D8DB /* HomeViewController.swift */; };
		54C16C491DBFBBFB0017D8DB /* Main.storyboard in Resources */ = {isa = PBXBuildFile; fileRef = 54C16C471DBFBBFB0017D8DB /* Main.storyboard */; };
		54C16C4B1DBFBBFB0017D8DB /* Assets.xcassets in Resources */ = {isa = PBXBuildFile; fileRef = 54C16C4A1DBFBBFB0017D8DB /* Assets.xcassets */; };
		54C16C4E1DBFBBFB0017D8DB /* LaunchScreen.storyboard in Resources */ = {isa = PBXBuildFile; fileRef = 54C16C4C1DBFBBFB0017D8DB /* LaunchScreen.storyboard */; };
		54C16C561DBFC1270017D8DB /* AddressTableViewController.swift in Sources */ = {isa = PBXBuildFile; fileRef = 54C16C551DBFC1270017D8DB /* AddressTableViewController.swift */; };
		54C16C581DBFC2150017D8DB /* AddressListModel.swift in Sources */ = {isa = PBXBuildFile; fileRef = 54C16C571DBFC2150017D8DB /* AddressListModel.swift */; };
/* End PBXBuildFile section */

/* Begin PBXFileReference section */
		54780C2D1DC5335E00DA265F /* AddressDetailViewController.swift */ = {isa = PBXFileReference; fileEncoding = 4; lastKnownFileType = sourcecode.swift; path = AddressDetailViewController.swift; sourceTree = "<group>"; };
		54C16C401DBFBBFB0017D8DB /* NetworkAddressCalculator.app */ = {isa = PBXFileReference; explicitFileType = wrapper.application; includeInIndex = 0; path = NetworkAddressCalculator.app; sourceTree = BUILT_PRODUCTS_DIR; };
		54C16C431DBFBBFB0017D8DB /* AppDelegate.swift */ = {isa = PBXFileReference; lastKnownFileType = sourcecode.swift; path = AppDelegate.swift; sourceTree = "<group>"; };
		54C16C451DBFBBFB0017D8DB /* HomeViewController.swift */ = {isa = PBXFileReference; lastKnownFileType = sourcecode.swift; path = HomeViewController.swift; sourceTree = "<group>"; };
		54C16C481DBFBBFB0017D8DB /* Base */ = {isa = PBXFileReference; lastKnownFileType = file.storyboard; name = Base; path = Base.lproj/Main.storyboard; sourceTree = "<group>"; };
		54C16C4A1DBFBBFB0017D8DB /* Assets.xcassets */ = {isa = PBXFileReference; lastKnownFileType = folder.assetcatalog; path = Assets.xcassets; sourceTree = "<group>"; };
		54C16C4D1DBFBBFB0017D8DB /* Base */ = {isa = PBXFileReference; lastKnownFileType = file.storyboard; name = Base; path = Base.lproj/LaunchScreen.storyboard; sourceTree = "<group>"; };
		54C16C4F1DBFBBFB0017D8DB /* Info.plist */ = {isa = PBXFileReference; lastKnownFileType = text.plist.xml; path = Info.plist; sourceTree = "<group>"; };
		54C16C551DBFC1270017D8DB /* AddressTableViewController.swift */ = {isa = PBXFileReference; fileEncoding = 4; lastKnownFileType = sourcecode.swift; path = AddressTableViewController.swift; sourceTree = "<group>"; };
		54C16C571DBFC2150017D8DB /* AddressListModel.swift */ = {isa = PBXFileReference; fileEncoding = 4; lastKnownFileType = sourcecode.swift; path = AddressListModel.swift; sourceTree = "<group>"; };
/* End PBXFileReference section */

/* Begin PBXFrameworksBuildPhase section */
		54C16C3D1DBFBBFB0017D8DB /* Frameworks */ = {
			isa = PBXFrameworksBuildPhase;
			buildActionMask = 2147483647;
			files = (
			);
			runOnlyForDeploymentPostprocessing = 0;
		};
/* End PBXFrameworksBuildPhase section */

/* Begin PBXGroup section */
		54C16C371DBFBBFB0017D8DB = {
			isa = PBXGroup;
			children = (
				54C16C421DBFBBFB0017D8DB /* NetworkAddressCalculator */,
				54C16C411DBFBBFB0017D8DB /* Products */,
			);
			sourceTree = "<group>";
		};
		54C16C411DBFBBFB0017D8DB /* Products */ = {
			isa = PBXGroup;
			children = (
				54C16C401DBFBBFB0017D8DB /* NetworkAddressCalculator.app */,
			);
			name = Products;
			sourceTree = "<group>";
		};
		54C16C421DBFBBFB0017D8DB /* NetworkAddressCalculator */ = {
			isa = PBXGroup;
			children = (
				54C16C431DBFBBFB0017D8DB /* AppDelegate.swift */,
				54C16C451DBFBBFB0017D8DB /* HomeViewController.swift */,
				54C16C471DBFBBFB0017D8DB /* Main.storyboard */,
				54C16C4A1DBFBBFB0017D8DB /* Assets.xcassets */,
				54C16C4C1DBFBBFB0017D8DB /* LaunchScreen.storyboard */,
				54C16C4F1DBFBBFB0017D8DB /* Info.plist */,
				54C16C551DBFC1270017D8DB /* AddressTableViewController.swift */,
				54C16C571DBFC2150017D8DB /* AddressListModel.swift */,
				54780C2D1DC5335E00DA265F /* AddressDetailViewController.swift */,
			);
			path = NetworkAddressCalculator;
			sourceTree = "<group>";
		};
/* End PBXGroup section */

/* Begin PBXNativeTarget section */
		54C16C3F1DBFBBFB0017D8DB /* NetworkAddressCalculator */ = {
			isa = PBXNativeTarget;
			buildConfigurationList = 54C16C521DBFBBFB0017D8DB /* Build configuration list for PBXNativeTarget "NetworkAddressCalculator" */;
			buildPhases = (
				54C16C3C1DBFBBFB0017D8DB /* Sources */,
				54C16C3D1DBFBBFB0017D8DB /* Frameworks */,
				54C16C3E1DBFBBFB0017D8DB /* Resources */,
			);
			buildRules = (
			);
			dependencies = (
			);
			name = NetworkAddressCalculator;
			productName = NetworkAddressCalculator;
			productReference = 54C16C401DBFBBFB0017D8DB /* NetworkAddressCalculator.app */;
			productType = "com.apple.product-type.application";
		};
/* End PBXNativeTarget section */

/* Begin PBXProject section */
		54C16C381DBFBBFB0017D8DB /* Project object */ = {
			isa = PBXProject;
			attributes = {
				LastSwiftUpdateCheck = 0730;
				LastUpgradeCheck = 0730;
				ORGANIZATIONNAME = UHCL;
				TargetAttributes = {
					54C16C3F1DBFBBFB0017D8DB = {
						CreatedOnToolsVersion = 7.3;
					};
				};
			};
			buildConfigurationList = 54C16C3B1DBFBBFB0017D8DB /* Build configuration list for PBXProject "NetworkAddressCalculator" */;
			compatibilityVersion = "Xcode 3.2";
			developmentRegion = English;
			hasScannedForEncodings = 0;
			knownRegions = (
				en,
				Base,
			);
			mainGroup = 54C16C371DBFBBFB0017D8DB;
			productRefGroup = 54C16C411DBFBBFB0017D8DB /* Products */;
			projectDirPath = "";
			projectRoot = "";
			targets = (
				54C16C3F1DBFBBFB0017D8DB /* NetworkAddressCalculator */,
			);
		};
/* End PBXProject section */

/* Begin PBXResourcesBuildPhase section */
		54C16C3E1DBFBBFB0017D8DB /* Resources */ = {
			isa = PBXResourcesBuildPhase;
			buildActionMask = 2147483647;
			files = (
				54C16C4E1DBFBBFB0017D8DB /* LaunchScreen.storyboard in Resources */,
				54C16C4B1DBFBBFB0017D8DB /* Assets.xcassets in Resources */,
				54C16C491DBFBBFB0017D8DB /* Main.storyboard in Resources */,
			);
			runOnlyForDeploymentPostprocessing = 0;
		};
/* End PBXResourcesBuildPhase section */

/* Begin PBXSourcesBuildPhase section */
		54C16C3C1DBFBBFB0017D8DB /* Sources */ = {
			isa = PBXSourcesBuildPhase;
			buildActionMask = 2147483647;
			files = (
				54C16C581DBFC2150017D8DB /* AddressListModel.swift in Sources */,
				54C16C461DBFBBFB0017D8DB /* HomeViewController.swift in Sources */,
				54780C2E1DC5335E00DA265F /* AddressDetailViewController.swift in Sources */,
				54C16C441DBFBBFB0017D8DB /* AppDelegate.swift in Sources */,
				54C16C561DBFC1270017D8DB /* AddressTableViewController.swift in Sources */,
			);
			runOnlyForDeploymentPostprocessing = 0;
		};
/* End PBXSourcesBuildPhase section */

/* Begin PBXVariantGroup section */
		54C16C471DBFBBFB0017D8DB /* Main.storyboard */ = {
			isa = PBXVariantGroup;
			children = (
				54C16C481DBFBBFB0017D8DB /* Base */,
			);
			name = Main.storyboard;
			sourceTree = "<group>";
		};
		54C16C4C1DBFBBFB0017D8DB /* LaunchScreen.storyboard */ = {
			isa = PBXVariantGroup;
			children = (
				54C16C4D1DBFBBFB0017D8DB /* Base */,
			);
			name = LaunchScreen.storyboard;
			sourceTree = "<group>";
		};
/* End PBXVariantGroup section */

/* Begin XCBuildConfiguration section */
		54C16C501DBFBBFB0017D8DB /* Debug */ = {
			isa = XCBuildConfiguration;
			buildSettings = {
				ALWAYS_SEARCH_USER_PATHS = NO;
				CLANG_ANALYZER_NONNULL = YES;
				CLANG_CXX_LANGUAGE_STANDARD = "gnu++0x";
				CLANG_CXX_LIBRARY = "libc++";
				CLANG_ENABLE_MODULES = YES;
				CLANG_ENABLE_OBJC_ARC = YES;
				CLANG_WARN_BOOL_CONVERSION = YES;
				CLANG_WARN_CONSTANT_CONVERSION = YES;
				CLANG_WARN_DIRECT_OBJC_ISA_USAGE = YES_ERROR;
				CLANG_WARN_EMPTY_BODY = YES;
				CLANG_WARN_ENUM_CONVERSION = YES;
				CLANG_WARN_INT_CONVERSION = YES;
				CLANG_WARN_OBJC_ROOT_CLASS = YES_ERROR;
				CLANG_WARN_UNREACHABLE_CODE = YES;
				CLANG_WARN__DUPLICATE_METHOD_MATCH = YES;
				"CODE_SIGN_IDENTITY[sdk=iphoneos*]" = "iPhone Developer";
				COPY_PHASE_STRIP = NO;
				DEBUG_INFORMATION_FORMAT = dwarf;
				ENABLE_STRICT_OBJC_MSGSEND = YES;
				ENABLE_TESTABILITY = YES;
				GCC_C_LANGUAGE_STANDARD = gnu99;
				GCC_DYNAMIC_NO_PIC = NO;
				GCC_NO_COMMON_BLOCKS = YES;
				GCC_OPTIMIZATION_LEVEL = 0;
				GCC_PREPROCESSOR_DEFINITIONS = (
					"DEBUG=1",
					"$(inherited)",
				);
				GCC_WARN_64_TO_32_BIT_CONVERSION = YES;
				GCC_WARN_ABOUT_RETURN_TYPE = YES_ERROR;
				GCC_WARN_UNDECLARED_SELECTOR = YES;
				GCC_WARN_UNINITIALIZED_AUTOS = YES_AGGRESSIVE;
				GCC_WARN_UNUSED_FUNCTION = YES;
				GCC_WARN_UNUSED_VARIABLE = YES;
				IPHONEOS_DEPLOYMENT_TARGET = 9.3;
				MTL_ENABLE_DEBUG_INFO = YES;
				ONLY_ACTIVE_ARCH = YES;
				SDKROOT = iphoneos;
				SWIFT_OPTIMIZATION_LEVEL = "-Onone";
				TARGETED_DEVICE_FAMILY = "1,2";
			};
			name = Debug;
		};
		54C16C511DBFBBFB0017D8DB /* Release */ = {
			isa = XCBuildConfiguration;
			buildSettings = {
				ALWAYS_SEARCH_USER_PATHS = NO;
				CLANG_ANALYZER_NONNULL = YES;
				CLANG_CXX_LANGUAGE_STANDARD = "gnu++0x";
				CLANG_CXX_LIBRARY = "libc++";
				CLANG_ENABLE_MODULES = YES;
				CLANG_ENABLE_OBJC_ARC = YES;
				CLANG_WARN_BOOL_CONVERSION = YES;
				CLANG_WARN_CONSTANT_CONVERSION = YES;
				CLANG_WARN_DIRECT_OBJC_ISA_USAGE = YES_ERROR;
				CLANG_WARN_EMPTY_BODY = YES;
				CLANG_WARN_ENUM_CONVERSION = YES;
				CLANG_WARN_INT_CONVERSION = YES;
				CLANG_WARN_OBJC_ROOT_CLASS = YES_ERROR;
				CLANG_WARN_UNREACHABLE_CODE = YES;
				CLANG_WARN__DUPLICATE_METHOD_MATCH = YES;
				"CODE_SIGN_IDENTITY[sdk=iphoneos*]" = "iPhone Developer";
				COPY_PHASE_STRIP = NO;
				DEBUG_INFORMATION_FORMAT = "dwarf-with-dsym";
				ENABLE_NS_ASSERTIONS = NO;
				ENABLE_STRICT_OBJC_MSGSEND = YES;
				GCC_C_LANGUAGE_STANDARD = gnu99;
				GCC_NO_COMMON_BLOCKS = YES;
				GCC_WARN_64_TO_32_BIT_CONVERSION = YES;
				GCC_WARN_ABOUT_RETURN_TYPE = YES_ERROR;
				GCC_WARN_UNDECLARED_SELECTOR = YES;
				GCC_WARN_UNINITIALIZED_AUTOS = YES_AGGRESSIVE;
				GCC_WARN_UNUSED_FUNCTION = YES;
				GCC_WARN_UNUSED_VARIABLE = YES;
				IPHONEOS_DEPLOYMENT_TARGET = 9.3;
				MTL_ENABLE_DEBUG_INFO = NO;
				SDKROOT = iphoneos;
				TARGETED_DEVICE_FAMILY = "1,2";
				VALIDATE_PRODUCT = YES;
			};
			name = Release;
		};
		54C16C531DBFBBFB0017D8DB /* Debug */ = {
			isa = XCBuildConfiguration;
			buildSettings = {
				ASSETCATALOG_COMPILER_APPICON_NAME = AppIcon;
				INFOPLIST_FILE = NetworkAddressCalculator/Info.plist;
				LD_RUNPATH_SEARCH_PATHS = "$(inherited) @executable_path/Frameworks";
				PRODUCT_BUNDLE_IDENTIFIER = MobileApplication.com.NetworkAddressCalculator;
				PRODUCT_NAME = "$(TARGET_NAME)";
			};
			name = Debug;
		};
		54C16C541DBFBBFB0017D8DB /* Release */ = {
			isa = XCBuildConfiguration;
			buildSettings = {
				ASSETCATALOG_COMPILER_APPICON_NAME = AppIcon;
				INFOPLIST_FILE = NetworkAddressCalculator/Info.plist;
				LD_RUNPATH_SEARCH_PATHS = "$(inherited) @executable_path/Frameworks";
				PRODUCT_BUNDLE_IDENTIFIER = MobileApplication.com.NetworkAddressCalculator;
				PRODUCT_NAME = "$(TARGET_NAME)";
			};
			name = Release;
		};
/* End XCBuildConfiguration section */

/* Begin XCConfigurationList section */
		54C16C3B1DBFBBFB0017D8DB /* Build configuration list for PBXProject "NetworkAddressCalculator" */ = {
			isa = XCConfigurationList;
			buildConfigurations = (
				54C16C501DBFBBFB0017D8DB /* Debug */,
				54C16C511DBFBBFB0017D8DB /* Release */,
			);
			defaultConfigurationIsVisible = 0;
			defaultConfigurationName = Release;
		};
		54C16C521DBFBBFB0017D8DB /* Build configuration list for PBXNativeTarget "NetworkAddressCalculator" */ = {
			isa = XCConfigurationList;
			buildConfigurations = (
				54C16C531DBFBBFB0017D8DB /* Debug */,
				54C16C541DBFBBFB0017D8DB /* Release */,
			);
			defaultConfigurationIsVisible = 0;
			defaultConfigurationName = Release;
		};
/* End XCConfigurationList section */
	};
	rootObject = 54C16C381DBFBBFB0017D8DB /* Project object */;
}
